
Microsoft Visual Studio Solution File, Format Version 12.00
# Visual Studio Version 16
VisualStudioVersion = 16.0.31702.278
MinimumVisualStudioVersion = 10.0.40219.1
Project("{9A19103F-16F7-4668-BE54-9A1E7A4F7556}") = "Factory_Method", "Factory_Method\Factory_Method.csproj", "{F071C045-595E-4441-A7B4-D1A317532DD2}"
EndProject
Project("{FAE04EC0-301F-11D3-BF4B-00C04F79EFBC}") = "Abstract_Factory", "Abstract_Factory\Abstract_Factory.csproj", "{DC3B53F1-1E92-4DA0-A958-349C077E1380}"
EndProject
Global
	GlobalSection(SolutionConfigurationPlatforms) = preSolution
		Debug|Any CPU = Debug|Any CPU
		Release|Any CPU = Release|Any CPU
	EndGlobalSection
	GlobalSection(ProjectConfigurationPlatforms) = postSolution
		{F071C045-595E-4441-A7B4-D1A317532DD2}.Debug|Any CPU.ActiveCfg = Debug|Any CPU
		{F071C045-595E-4441-A7B4-D1A317532DD2}.Debug|Any CPU.Build.0 = Debug|Any CPU
		{F071C045-595E-4441-A7B4-D1A317532DD2}.Release|Any CPU.ActiveCfg = Release|Any CPU
		{F071C045-595E-4441-A7B4-D1A317532DD2}.Release|Any CPU.Build.0 = Release|Any CPU
		{DC3B53F1-1E92-4DA0-A958-349C077E1380}.Debug|Any CPU.ActiveCfg = Debug|Any CPU
		{DC3B53F1-1E92-4DA0-A958-349C077E1380}.Debug|Any CPU.Build.0 = Debug|Any CPU
		{DC3B53F1-1E92-4DA0-A958-349C077E1380}.Release|Any CPU.ActiveCfg = Release|Any CPU
		{DC3B53F1-1E92-4DA0-A958-349C077E1380}.Release|Any CPU.Build.0 = Release|Any CPU
	EndGlobalSection
	GlobalSection(SolutionProperties) = preSolution
		HideSolutionNode = FALSE
	EndGlobalSection
	GlobalSection(ExtensibilityGlobals) = postSolution
		SolutionGuid = {E57C7338-A807-48B9-8EAC-C6F0C8E327C6}
	EndGlobalSection
EndGlobal
